
Microsoft Visual Studio Solution File, Format Version 12.00
# Visual Studio Version 16
VisualStudioVersion = 16.0.29920.165
MinimumVisualStudioVersion = 15.0.26124.0
Project("{9A19103F-16F7-4668-BE54-9A1E7A4F7556}") = "Application", "Application\Application.csproj", "{787DD597-E492-48F8-8D61-725D38936564}"
EndProject
Project("{9A19103F-16F7-4668-BE54-9A1E7A4F7556}") = "Domain", "Domain\Domain.csproj", "{F728087A-6D5B-41CB-972D-5F9663F5E834}"
EndProject
Project("{9A19103F-16F7-4668-BE54-9A1E7A4F7556}") = "Persistence", "Persistence\Persistence.csproj", "{00E06384-610D-4D4C-8AA0-518C6A3D97F0}"
EndProject
Project("{9A19103F-16F7-4668-BE54-9A1E7A4F7556}") = "API", "API\API.csproj", "{7D3B5C1E-26DB-4682-A7DE-86651ED719DF}"
EndProject
Global
	GlobalSection(SolutionConfigurationPlatforms) = preSolution
		Debug|Any CPU = Debug|Any CPU
		Debug|x64 = Debug|x64
		Debug|x86 = Debug|x86
		Release|Any CPU = Release|Any CPU
		Release|x64 = Release|x64
		Release|x86 = Release|x86
	EndGlobalSection
	GlobalSection(ProjectConfigurationPlatforms) = postSolution
		{787DD597-E492-48F8-8D61-725D38936564}.Debug|Any CPU.ActiveCfg = Debug|Any CPU
		{787DD597-E492-48F8-8D61-725D38936564}.Debug|Any CPU.Build.0 = Debug|Any CPU
		{787DD597-E492-48F8-8D61-725D38936564}.Debug|x64.ActiveCfg = Debug|Any CPU
		{787DD597-E492-48F8-8D61-725D38936564}.Debug|x64.Build.0 = Debug|Any CPU
		{787DD597-E492-48F8-8D61-725D38936564}.Debug|x86.ActiveCfg = Debug|Any CPU
		{787DD597-E492-48F8-8D61-725D38936564}.Debug|x86.Build.0 = Debug|Any CPU
		{787DD597-E492-48F8-8D61-725D38936564}.Release|Any CPU.ActiveCfg = Release|Any CPU
		{787DD597-E492-48F8-8D61-725D38936564}.Release|Any CPU.Build.0 = Release|Any CPU
		{787DD597-E492-48F8-8D61-725D38936564}.Release|x64.ActiveCfg = Release|Any CPU
		{787DD597-E492-48F8-8D61-725D38936564}.Release|x64.Build.0 = Release|Any CPU
		{787DD597-E492-48F8-8D61-725D38936564}.Release|x86.ActiveCfg = Release|Any CPU
		{787DD597-E492-48F8-8D61-725D38936564}.Release|x86.Build.0 = Release|Any CPU
		{F728087A-6D5B-41CB-972D-5F9663F5E834}.Debug|Any CPU.ActiveCfg = Debug|Any CPU
		{F728087A-6D5B-41CB-972D-5F9663F5E834}.Debug|Any CPU.Build.0 = Debug|Any CPU
		{F728087A-6D5B-41CB-972D-5F9663F5E834}.Debug|x64.ActiveCfg = Debug|Any CPU
		{F728087A-6D5B-41CB-972D-5F9663F5E834}.Debug|x64.Build.0 = Debug|Any CPU
		{F728087A-6D5B-41CB-972D-5F9663F5E834}.Debug|x86.ActiveCfg = Debug|Any CPU
		{F728087A-6D5B-41CB-972D-5F9663F5E834}.Debug|x86.Build.0 = Debug|Any CPU
		{F728087A-6D5B-41CB-972D-5F9663F5E834}.Release|Any CPU.ActiveCfg = Release|Any CPU
		{F728087A-6D5B-41CB-972D-5F9663F5E834}.Release|Any CPU.Build.0 = Release|Any CPU
		{F728087A-6D5B-41CB-972D-5F9663F5E834}.Release|x64.ActiveCfg = Release|Any CPU
		{F728087A-6D5B-41CB-972D-5F9663F5E834}.Release|x64.Build.0 = Release|Any CPU
		{F728087A-6D5B-41CB-972D-5F9663F5E834}.Release|x86.ActiveCfg = Release|Any CPU
		{F728087A-6D5B-41CB-972D-5F9663F5E834}.Release|x86.Build.0 = Release|Any CPU
		{00E06384-610D-4D4C-8AA0-518C6A3D97F0}.Debug|Any CPU.ActiveCfg = Debug|Any CPU
		{00E06384-610D-4D4C-8AA0-518C6A3D97F0}.Debug|Any CPU.Build.0 = Debug|Any CPU
		{00E06384-610D-4D4C-8AA0-518C6A3D97F0}.Debug|x64.ActiveCfg = Debug|Any CPU
		{00E06384-610D-4D4C-8AA0-518C6A3D97F0}.Debug|x64.Build.0 = Debug|Any CPU
		{00E06384-610D-4D4C-8AA0-518C6A3D97F0}.Debug|x86.ActiveCfg = Debug|Any CPU
		{00E06384-610D-4D4C-8AA0-518C6A3D97F0}.Debug|x86.Build.0 = Debug|Any CPU
		{00E06384-610D-4D4C-8AA0-518C6A3D97F0}.Release|Any CPU.ActiveCfg = Release|Any CPU
		{00E06384-610D-4D4C-8AA0-518C6A3D97F0}.Release|Any CPU.Build.0 = Release|Any CPU
		{00E06384-610D-4D4C-8AA0-518C6A3D97F0}.Release|x64.ActiveCfg = Release|Any CPU
		{00E06384-610D-4D4C-8AA0-518C6A3D97F0}.Release|x64.Build.0 = Release|Any CPU
		{00E06384-610D-4D4C-8AA0-518C6A3D97F0}.Release|x86.ActiveCfg = Release|Any CPU
		{00E06384-610D-4D4C-8AA0-518C6A3D97F0}.Release|x86.Build.0 = Release|Any CPU
		{7D3B5C1E-26DB-4682-A7DE-86651ED719DF}.Debug|Any CPU.ActiveCfg = Debug|Any CPU
		{7D3B5C1E-26DB-4682-A7DE-86651ED719DF}.Debug|Any CPU.Build.0 = Debug|Any CPU
		{7D3B5C1E-26DB-4682-A7DE-86651ED719DF}.Debug|x64.ActiveCfg = Debug|Any CPU
		{7D3B5C1E-26DB-4682-A7DE-86651ED719DF}.Debug|x64.Build.0 = Debug|Any CPU
		{7D3B5C1E-26DB-4682-A7DE-86651ED719DF}.Debug|x86.ActiveCfg = Debug|Any CPU
		{7D3B5C1E-26DB-4682-A7DE-86651ED719DF}.Debug|x86.Build.0 = Debug|Any CPU
		{7D3B5C1E-26DB-4682-A7DE-86651ED719DF}.Release|Any CPU.ActiveCfg = Release|Any CPU
		{7D3B5C1E-26DB-4682-A7DE-86651ED719DF}.Release|Any CPU.Build.0 = Release|Any CPU
		{7D3B5C1E-26DB-4682-A7DE-86651ED719DF}.Release|x64.ActiveCfg = Release|Any CPU
		{7D3B5C1E-26DB-4682-A7DE-86651ED719DF}.Release|x64.Build.0 = Release|Any CPU
		{7D3B5C1E-26DB-4682-A7DE-86651ED719DF}.Release|x86.ActiveCfg = Release|Any CPU
		{7D3B5C1E-26DB-4682-A7DE-86651ED719DF}.Release|x86.Build.0 = Release|Any CPU
	EndGlobalSection
	GlobalSection(SolutionProperties) = preSolution
		HideSolutionNode = FALSE
	EndGlobalSection
	GlobalSection(ExtensibilityGlobals) = postSolution
		SolutionGuid = {BA32FCC9-F4EA-4319-ABDB-704772578A31}
	EndGlobalSection
EndGlobal
